Microsoft Visual Studio Solution File, Format Version 11.00
# Visual Studio 2008

Project("{8FA2699D-A13C-C322-905E-07D9598DD13B}") = "Pathfinder", "Assembly-CSharp.csproj", "{816594AD-2910-C07D-D630-401BF951B16A}"
EndProject
Project("{8FA2699D-A13C-C322-905E-07D9598DD13B}") = "Pathfinder", "Assembly-CSharp-Editor.csproj", "{D0ECEB6B-8ADE-AAD4-CFD4-02DC4D06F4BA}"
EndProject
Global
	GlobalSection(SolutionConfigurationPlatforms) = preSolution
		Debug|Any CPU = Debug|Any CPU
		Release|Any CPU = Release|Any CPU
	EndGlobalSection
	GlobalSection(ProjectConfigurationPlatforms) = postSolution
		{816594AD-2910-C07D-D630-401BF951B16A}.Debug|Any CPU.ActiveCfg = Debug|Any CPU
		{816594AD-2910-C07D-D630-401BF951B16A}.Debug|Any CPU.Build.0 = Debug|Any CPU
		{816594AD-2910-C07D-D630-401BF951B16A}.Release|Any CPU.ActiveCfg = Release|Any CPU
		{816594AD-2910-C07D-D630-401BF951B16A}.Release|Any CPU.Build.0 = Release|Any CPU
		{D0ECEB6B-8ADE-AAD4-CFD4-02DC4D06F4BA}.Debug|Any CPU.ActiveCfg = Debug|Any CPU
		{D0ECEB6B-8ADE-AAD4-CFD4-02DC4D06F4BA}.Debug|Any CPU.Build.0 = Debug|Any CPU
		{D0ECEB6B-8ADE-AAD4-CFD4-02DC4D06F4BA}.Release|Any CPU.ActiveCfg = Release|Any CPU
		{D0ECEB6B-8ADE-AAD4-CFD4-02DC4D06F4BA}.Release|Any CPU.Build.0 = Release|Any CPU
	EndGlobalSection
	GlobalSection(SolutionProperties) = preSolution
		HideSolutionNode = FALSE
	EndGlobalSection
	GlobalSection(MonoDevelopProperties) = preSolution
		StartupItem = Assembly-CSharp.csproj
	EndGlobalSection
EndGlobal
